Microsoft Visual Studio Solution File, Format Version 12.00
# Visual Studio Version 17
VisualStudioVersion = 17.5.2.0
MinimumVisualStudioVersion = 10.0.40219.1
Project("{FAE04EC0-301F-11D3-BF4B-00C04F79EFBC}") = "ClockIn", "ClockIn.csproj", "{698F21D7-A1B2-DCBF-EF04-C9623669C89C}"
EndProject
Global
	GlobalSection(SolutionConfigurationPlatforms) = preSolution
		Debug|Any CPU = Debug|Any CPU
		Release|Any CPU = Release|Any CPU
	EndGlobalSection
	GlobalSection(ProjectConfigurationPlatforms) = postSolution
		{698F21D7-A1B2-DCBF-EF04-C9623669C89C}.Debug|Any CPU.ActiveCfg = Debug|Any CPU
		{698F21D7-A1B2-DCBF-EF04-C9623669C89C}.Debug|Any CPU.Build.0 = Debug|Any CPU
		{698F21D7-A1B2-DCBF-EF04-C9623669C89C}.Release|Any CPU.ActiveCfg = Release|Any CPU
		{698F21D7-A1B2-DCBF-EF04-C9623669C89C}.Release|Any CPU.Build.0 = Release|Any CPU
	EndGlobalSection
	GlobalSection(SolutionProperties) = preSolution
		HideSolutionNode = FALSE
	EndGlobalSection
	GlobalSection(ExtensibilityGlobals) = postSolution
		SolutionGuid = {08E75F58-8660-4AFD-BACB-1F8947746FD8}
	EndGlobalSection
EndGlobal
